
Microsoft Visual Studio Solution File, Format Version 12.00
# Visual Studio 14
VisualStudioVersion = 14.0.25123.0
MinimumVisualStudioVersion = 10.0.40219.1
Project("{2150E333-8FDC-42A3-9474-1A3956D46DE8}") = "PayApi", "PayApi", "{0A0998CD-8F38-4520-BECF-C987D777A8D2}"
EndProject
Project("{FAE04EC0-301F-11D3-BF4B-00C04F79EFBC}") = "Shop.AliPay", "Shop.AliPay\Shop.AliPay.csproj", "{98DE6438-7A43-4B0D-8AFE-18C66DBFC847}"
EndProject
Project("{2150E333-8FDC-42A3-9474-1A3956D46DE8}") = "Utility", "Utility", "{76DFE6E2-3133-4E04-B43B-BE009C9F6F36}"
EndProject
Project("{FAE04EC0-301F-11D3-BF4B-00C04F79EFBC}") = "Shop.Help", "Shop.Help\Shop.Help.csproj", "{41FB0CFD-578D-4F07-8977-5259E0A8597D}"
EndProject
Project("{2150E333-8FDC-42A3-9474-1A3956D46DE8}") = "BLL", "BLL", "{90683337-330E-48A7-B1B4-CAE2141457D2}"
EndProject
Project("{2150E333-8FDC-42A3-9474-1A3956D46DE8}") = "DAL", "DAL", "{2DB50499-15B8-4EB1-9961-4A192B13DC5F}"
EndProject
Project("{2150E333-8FDC-42A3-9474-1A3956D46DE8}") = "Web", "Web", "{3DF305F4-5C59-47F2-8809-D64D8E14F117}"
EndProject
Project("{FAE04EC0-301F-11D3-BF4B-00C04F79EFBC}") = "Shop.Dal", "Shop.Dal\Shop.Dal.csproj", "{CB71F002-B3BB-45FF-968C-F26F3A209C2E}"
EndProject
Project("{2150E333-8FDC-42A3-9474-1A3956D46DE8}") = "Models", "Models", "{A9C44D5C-FA0A-4BBC-A53E-FE3F403F9F0A}"
EndProject
Project("{FAE04EC0-301F-11D3-BF4B-00C04F79EFBC}") = "Shop.Entity", "Shop.Entity\Shop.Entity.csproj", "{5A92BF5E-F642-4866-89A5-CEA61A4CECA4}"
EndProject
Project("{FAE04EC0-301F-11D3-BF4B-00C04F79EFBC}") = "Shop.ViewModel", "Shop.ViewModel\Shop.ViewModel.csproj", "{46052901-7C22-4A75-8C8D-A34A539C62CB}"
EndProject
Project("{FAE04EC0-301F-11D3-BF4B-00C04F79EFBC}") = "AdminWeb", "AdminWeb\AdminWeb.csproj", "{C15044DE-B8E4-4E34-81E3-3EF023D7DFA1}"
EndProject
Project("{FAE04EC0-301F-11D3-BF4B-00C04F79EFBC}") = "Shop.Bll", "Shop.Bll\Shop.Bll.csproj", "{70BAC27B-0931-42EB-AA39-4BC1F2F90A11}"
EndProject
Global
	GlobalSection(SolutionConfigurationPlatforms) = preSolution
		Debug|Any CPU = Debug|Any CPU
		Release|Any CPU = Release|Any CPU
	EndGlobalSection
	GlobalSection(ProjectConfigurationPlatforms) = postSolution
		{98DE6438-7A43-4B0D-8AFE-18C66DBFC847}.Debug|Any CPU.ActiveCfg = Debug|Any CPU
		{98DE6438-7A43-4B0D-8AFE-18C66DBFC847}.Debug|Any CPU.Build.0 = Debug|Any CPU
		{98DE6438-7A43-4B0D-8AFE-18C66DBFC847}.Release|Any CPU.ActiveCfg = Release|Any CPU
		{98DE6438-7A43-4B0D-8AFE-18C66DBFC847}.Release|Any CPU.Build.0 = Release|Any CPU
		{41FB0CFD-578D-4F07-8977-5259E0A8597D}.Debug|Any CPU.ActiveCfg = Debug|Any CPU
		{41FB0CFD-578D-4F07-8977-5259E0A8597D}.Debug|Any CPU.Build.0 = Debug|Any CPU
		{41FB0CFD-578D-4F07-8977-5259E0A8597D}.Release|Any CPU.ActiveCfg = Release|Any CPU
		{41FB0CFD-578D-4F07-8977-5259E0A8597D}.Release|Any CPU.Build.0 = Release|Any CPU
		{CB71F002-B3BB-45FF-968C-F26F3A209C2E}.Debug|Any CPU.ActiveCfg = Debug|Any CPU
		{CB71F002-B3BB-45FF-968C-F26F3A209C2E}.Debug|Any CPU.Build.0 = Debug|Any CPU
		{CB71F002-B3BB-45FF-968C-F26F3A209C2E}.Release|Any CPU.ActiveCfg = Release|Any CPU
		{CB71F002-B3BB-45FF-968C-F26F3A209C2E}.Release|Any CPU.Build.0 = Release|Any CPU
		{5A92BF5E-F642-4866-89A5-CEA61A4CECA4}.Debug|Any CPU.ActiveCfg = Debug|Any CPU
		{5A92BF5E-F642-4866-89A5-CEA61A4CECA4}.Debug|Any CPU.Build.0 = Debug|Any CPU
		{5A92BF5E-F642-4866-89A5-CEA61A4CECA4}.Release|Any CPU.ActiveCfg = Release|Any CPU
		{5A92BF5E-F642-4866-89A5-CEA61A4CECA4}.Release|Any CPU.Build.0 = Release|Any CPU
		{46052901-7C22-4A75-8C8D-A34A539C62CB}.Debug|Any CPU.ActiveCfg = Debug|Any CPU
		{46052901-7C22-4A75-8C8D-A34A539C62CB}.Debug|Any CPU.Build.0 = Debug|Any CPU
		{46052901-7C22-4A75-8C8D-A34A539C62CB}.Release|Any CPU.ActiveCfg = Release|Any CPU
		{46052901-7C22-4A75-8C8D-A34A539C62CB}.Release|Any CPU.Build.0 = Release|Any CPU
		{C15044DE-B8E4-4E34-81E3-3EF023D7DFA1}.Debug|Any CPU.ActiveCfg = Debug|Any CPU
		{C15044DE-B8E4-4E34-81E3-3EF023D7DFA1}.Debug|Any CPU.Build.0 = Debug|Any CPU
		{C15044DE-B8E4-4E34-81E3-3EF023D7DFA1}.Release|Any CPU.ActiveCfg = Release|Any CPU
		{C15044DE-B8E4-4E34-81E3-3EF023D7DFA1}.Release|Any CPU.Build.0 = Release|Any CPU
		{70BAC27B-0931-42EB-AA39-4BC1F2F90A11}.Debug|Any CPU.ActiveCfg = Debug|Any CPU
		{70BAC27B-0931-42EB-AA39-4BC1F2F90A11}.Debug|Any CPU.Build.0 = Debug|Any CPU
		{70BAC27B-0931-42EB-AA39-4BC1F2F90A11}.Release|Any CPU.ActiveCfg = Release|Any CPU
		{70BAC27B-0931-42EB-AA39-4BC1F2F90A11}.Release|Any CPU.Build.0 = Release|Any CPU
	EndGlobalSection
	GlobalSection(SolutionProperties) = preSolution
		HideSolutionNode = FALSE
	EndGlobalSection
	GlobalSection(NestedProjects) = preSolution
		{98DE6438-7A43-4B0D-8AFE-18C66DBFC847} = {0A0998CD-8F38-4520-BECF-C987D777A8D2}
		{41FB0CFD-578D-4F07-8977-5259E0A8597D} = {76DFE6E2-3133-4E04-B43B-BE009C9F6F36}
		{CB71F002-B3BB-45FF-968C-F26F3A209C2E} = {2DB50499-15B8-4EB1-9961-4A192B13DC5F}
		{5A92BF5E-F642-4866-89A5-CEA61A4CECA4} = {A9C44D5C-FA0A-4BBC-A53E-FE3F403F9F0A}
		{46052901-7C22-4A75-8C8D-A34A539C62CB} = {A9C44D5C-FA0A-4BBC-A53E-FE3F403F9F0A}
		{C15044DE-B8E4-4E34-81E3-3EF023D7DFA1} = {3DF305F4-5C59-47F2-8809-D64D8E14F117}
		{70BAC27B-0931-42EB-AA39-4BC1F2F90A11} = {90683337-330E-48A7-B1B4-CAE2141457D2}
	EndGlobalSection
EndGlobal
